
Microsoft Visual Studio Solution File, Format Version 12.00
# Visual Studio Version 16
VisualStudioVersion = 16.0.28531.58
MinimumVisualStudioVersion = 10.0.40219.1
Project("{FAE04EC0-301F-11D3-BF4B-00C04F79EFBC}") = "EemFactions", "EemFactions.csproj", "{F02BCB3F-FF6D-47E8-BD5F-8AC583ADE682}"
EndProject
Global
	GlobalSection(SolutionConfigurationPlatforms) = preSolution
		Debug|Any CPU = Debug|Any CPU
		Release|Any CPU = Release|Any CPU
	EndGlobalSection
	GlobalSection(ProjectConfigurationPlatforms) = postSolution
		{F02BCB3F-FF6D-47E8-BD5F-8AC583ADE682}.Debug|Any CPU.ActiveCfg = Debug|Any CPU
		{F02BCB3F-FF6D-47E8-BD5F-8AC583ADE682}.Debug|Any CPU.Build.0 = Debug|Any CPU
		{F02BCB3F-FF6D-47E8-BD5F-8AC583ADE682}.Release|Any CPU.ActiveCfg = Release|Any CPU
		{F02BCB3F-FF6D-47E8-BD5F-8AC583ADE682}.Release|Any CPU.Build.0 = Release|Any CPU
	EndGlobalSection
	GlobalSection(SolutionProperties) = preSolution
		HideSolutionNode = FALSE
	EndGlobalSection
	GlobalSection(ExtensibilityGlobals) = postSolution
		SolutionGuid = {AF109E12-52AD-4DAC-96D3-A7AC714DD411}
	EndGlobalSection
EndGlobal
